
Microsoft Visual Studio Solution File, Format Version 12.00
# Visual Studio 2017
Project("{FAE04EC0-301F-11D3-BF4B-00C04F79EFBC}") = "Team Gerboi", "Team Gerboi.csproj", "{4EDEFD96-6D51-F8B5-0129-99CFBD0D0FAE}"
EndProject
Project("{FAE04EC0-301F-11D3-BF4B-00C04F79EFBC}") = "Team Gerboi.Plugins", "Team Gerboi.Plugins.csproj", "{F0B9F06B-6A70-29ED-8E7B-D750713CE241}"
EndProject
Project("{FAE04EC0-301F-11D3-BF4B-00C04F79EFBC}") = "Team Gerboi.Editor.Plugins", "Team Gerboi.Editor.Plugins.csproj", "{AE5A3991-F6F4-7D1D-C793-D1E5851446E4}"
EndProject
Global
	GlobalSection(SolutionConfigurationPlatforms) = preSolution
		Debug|Any CPU = Debug|Any CPU
		Release|Any CPU = Release|Any CPU
	EndGlobalSection
	GlobalSection(ProjectConfigurationPlatforms) = postSolution
		{4EDEFD96-6D51-F8B5-0129-99CFBD0D0FAE}.Debug|Any CPU.ActiveCfg = Debug|Any CPU
		{4EDEFD96-6D51-F8B5-0129-99CFBD0D0FAE}.Debug|Any CPU.Build.0 = Debug|Any CPU
		{4EDEFD96-6D51-F8B5-0129-99CFBD0D0FAE}.Release|Any CPU.ActiveCfg = Release|Any CPU
		{4EDEFD96-6D51-F8B5-0129-99CFBD0D0FAE}.Release|Any CPU.Build.0 = Release|Any CPU
		{F0B9F06B-6A70-29ED-8E7B-D750713CE241}.Debug|Any CPU.ActiveCfg = Debug|Any CPU
		{F0B9F06B-6A70-29ED-8E7B-D750713CE241}.Debug|Any CPU.Build.0 = Debug|Any CPU
		{F0B9F06B-6A70-29ED-8E7B-D750713CE241}.Release|Any CPU.ActiveCfg = Release|Any CPU
		{F0B9F06B-6A70-29ED-8E7B-D750713CE241}.Release|Any CPU.Build.0 = Release|Any CPU
		{AE5A3991-F6F4-7D1D-C793-D1E5851446E4}.Debug|Any CPU.ActiveCfg = Debug|Any CPU
		{AE5A3991-F6F4-7D1D-C793-D1E5851446E4}.Debug|Any CPU.Build.0 = Debug|Any CPU
		{AE5A3991-F6F4-7D1D-C793-D1E5851446E4}.Release|Any CPU.ActiveCfg = Release|Any CPU
		{AE5A3991-F6F4-7D1D-C793-D1E5851446E4}.Release|Any CPU.Build.0 = Release|Any CPU
	EndGlobalSection
	GlobalSection(SolutionProperties) = preSolution
		HideSolutionNode = FALSE
	EndGlobalSection
EndGlobal
